{
  "nodes": {
    "nixpkgs": {
      "locked": {
        "lastModified": 1782318956,
        "narHash": "sha256-TCQbxtgW8yaWOc4onhKu3uqSPoJm3HaT5yDHUqvcauo=",
        "owner": "NixOS",
        "repo": "nixpkgs",
        "rev": "18fe70414f58890931cda1d26545c0d1517699da",
        "type": "github"
      },
      "original": {
        "owner": "NixOS",
        "ref": "release-26.05",
        "repo": "nixpkgs",
        "type": "github"
      }
    },
    "root": {
      "inputs": {
        "nixpkgs": "nixpkgs"
      }
    }
  },
  "root": "root",
  "version": 7
}
